
Microsoft Visual Studio Solution File, Format Version 12.00
# Visual Studio Version 17
VisualStudioVersion = 17.1.32228.430
MinimumVisualStudioVersion = 10.0.40219.1
Project("{FAE04EC0-301F-11D3-BF4B-00C04F79EFBC}") = "DKSHybrid", "DKSHybrid.csproj", "{0ECBE48A-B957-4A64-910D-3AB43A22683A}"
EndProject
Global
	GlobalSection(SolutionConfigurationPlatforms) = preSolution
		Debug|Any CPU = Debug|Any CPU
		Release|Any CPU = Release|Any CPU
	EndGlobalSection
	GlobalSection(ProjectConfigurationPlatforms) = postSolution
		{0ECBE48A-B957-4A64-910D-3AB43A22683A}.Debug|Any CPU.ActiveCfg = Debug|Any CPU
		{0ECBE48A-B957-4A64-910D-3AB43A22683A}.Debug|Any CPU.Build.0 = Debug|Any CPU
		{0ECBE48A-B957-4A64-910D-3AB43A22683A}.Release|Any CPU.ActiveCfg = Release|Any CPU
		{0ECBE48A-B957-4A64-910D-3AB43A22683A}.Release|Any CPU.Build.0 = Release|Any CPU
	EndGlobalSection
	GlobalSection(SolutionProperties) = preSolution
		HideSolutionNode = FALSE
	EndGlobalSection
	GlobalSection(ExtensibilityGlobals) = postSolution
		SolutionGuid = {80953232-8135-4B05-AE8C-F80D17519953}
	EndGlobalSection
EndGlobal
